<Solution>
  <Project Path="NodeCanvas.csproj" />
  <Project Path="ParadoxNotion.csproj" />
  <Project Path="Assembly-CSharp.csproj" />
  <Project Path="Assembly-CSharp-firstpass.csproj" />
  <Project Path="Sirenix.OdinInspector.Modules.UnityMathematics.csproj" />
  <Project Path="Assembly-CSharp-Editor-firstpass.csproj" />
  <Project Path="AimingRig.csproj" />
</Solution>
